{
  "name": "@ubeya/client-spark",
  "version": "1.0.1",
  "lockfileVersion": 1,
  "requires": true,
  "dependencies": {
    "node-lame": {
      "version": "1.1.0",
      "resolved": "https://registry.npmjs.org/node-lame/-/node-lame-1.1.0.tgz",
      "integrity": "sha512-355CjPhpzBJBg5o8fH4BB2u4Rc9MMEqIUYxfZK6n7z4CLaAa5Z7VBbUV3ttM+arHBpi1X4F8j9KS508scT7Y+Q=="
    }
  }
}
